
Microsoft Visual Studio Solution File, Format Version 12.00
# Visual Studio Version 16
VisualStudioVersion = 16.0.33927.289
MinimumVisualStudioVersion = 10.0.40219.1
Project("{2150E333-8FDC-42A3-9474-1A3956D46DE8}") = "Task0", "Task0", "{B768BE1B-80E1-404B-A0C3-B804002CA197}"
EndProject
Project("{FAE04EC0-301F-11D3-BF4B-00C04F79EFBC}") = "Tyuiu.ShabukovDV.Sprint0.Task0.V0", "Tyuiu.ShabukovDV.Sprint0.Task0.V0\Tyuiu.ShabukovDV.Sprint0.Task0.V0.csproj", "{64C66A41-771A-4A75-B3BE-EEE631FDBB46}"
EndProject
Project("{2150E333-8FDC-42A3-9474-1A3956D46DE8}") = "Task1", "Task1", "{E83ED27E-C017-493D-83FA-0DEF451EFA2A}"
EndProject
Project("{FAE04EC0-301F-11D3-BF4B-00C04F79EFBC}") = "Tyuiu.ShabukovDV.Sprint0.Task1.V0", "Tyuiu.ShabukovDV.Sprint0.Task1.V0\Tyuiu.ShabukovDV.Sprint0.Task1.V0.csproj", "{8DD45E3F-F77B-4DF0-BA7A-09EAB4C337AB}"
EndProject
Project("{2150E333-8FDC-42A3-9474-1A3956D46DE8}") = "Task2", "Task2", "{850E3A2D-AFB5-44A7-AAF3-F84341D47885}"
EndProject
Project("{FAE04EC0-301F-11D3-BF4B-00C04F79EFBC}") = "Tyuiu.ShabukovDV.Sprint0.Task2.V0", "Tyuiu.ShabukovDV.Sprint0.Task2.V0\Tyuiu.ShabukovDV.Sprint0.Task2.V0.csproj", "{37AAD221-F939-4B38-9983-51B90C532111}"
EndProject
Project("{FAE04EC0-301F-11D3-BF4B-00C04F79EFBC}") = "Tyuiu.ShabukovDV.Sprint0.Task2.V0.Lib", "Tyuiu.ShabukovDV.Sprint0.Task2.V0.Lib\Tyuiu.ShabukovDV.Sprint0.Task2.V0.Lib.csproj", "{03843980-46A5-477B-B04E-9BA34A75AE2C}"
EndProject
Project("{FAE04EC0-301F-11D3-BF4B-00C04F79EFBC}") = "Tyuiu.ShabukovDV.Sprint0.Task2.V0.Test", "Tyuiu.ShabukovDV.Sprint0.Task2.V0.Test\Tyuiu.ShabukovDV.Sprint0.Task2.V0.Test.csproj", "{F010F219-57C2-4537-AA0F-141B15408684}"
EndProject
Project("{2150E333-8FDC-42A3-9474-1A3956D46DE8}") = "Task3", "Task3", "{7841F50E-3B9C-4BDB-A228-DE45A396865E}"
EndProject
Project("{FAE04EC0-301F-11D3-BF4B-00C04F79EFBC}") = "Tyuiu.ShabukovDV.Sprint0.Task3.V0", "Tyuiu.ShabukovDV.Sprint0.Task3.V0\Tyuiu.ShabukovDV.Sprint0.Task3.V0.csproj", "{61B025F1-4A86-4D26-B7FC-25701FBB96BC}"
EndProject
Project("{FAE04EC0-301F-11D3-BF4B-00C04F79EFBC}") = "Tyuiu.ShabukovDV.Sprint0.Task3.V0.Lib", "Tyuiu.ShabukovDV.Sprint0.Task3.V0.Lib\Tyuiu.ShabukovDV.Sprint0.Task3.V0.Lib.csproj", "{4AEB4FBB-D6A8-4010-8FA6-2118353BA72F}"
EndProject
Project("{FAE04EC0-301F-11D3-BF4B-00C04F79EFBC}") = "Tyuiu.ShabukovDV.Sprint0.Task3.V0.Test", "Tyuiu.ShabukovDV.Sprint0.Task3.V0.Test\Tyuiu.ShabukovDV.Sprint0.Task3.V0.Test.csproj", "{926418E8-35CB-427E-BF1E-2A04AC960CFC}"
EndProject
Project("{2150E333-8FDC-42A3-9474-1A3956D46DE8}") = "Task4", "Task4", "{2009F01A-F9DF-477B-9BEB-BD55E1E1C18D}"
EndProject
Project("{FAE04EC0-301F-11D3-BF4B-00C04F79EFBC}") = "Tyuiu.ShabukovDV.Sprint0.Task4.V0", "Tyuiu.ShabukovDV.Sprint0.Task4.V0\Tyuiu.ShabukovDV.Sprint0.Task4.V0.csproj", "{D2D3746D-0C39-4FE3-B266-241B17090458}"
EndProject
Project("{FAE04EC0-301F-11D3-BF4B-00C04F79EFBC}") = "Tyuiu.ShabukovDV.Sprint0.Task4.V0.Test", "Tyuiu.ShabukovDV.Sprint0.Task4.V0.Test\Tyuiu.ShabukovDV.Sprint0.Task4.V0.Test.csproj", "{F1183878-99C0-4DEF-B79D-B7D3DE56C952}"
EndProject
Project("{FAE04EC0-301F-11D3-BF4B-00C04F79EFBC}") = "Tyuiu.ShabukovDV.Sprint0.Task4.V0.Lib", "Tyuiu.ShabukovDV.Sprint0.Task4.V0.Lib\Tyuiu.ShabukovDV.Sprint0.Task4.V0.Lib.csproj", "{0728F996-81F7-413F-A8BA-97EF03B4670B}"
EndProject
Project("{2150E333-8FDC-42A3-9474-1A3956D46DE8}") = "Task5", "Task5", "{2C506A57-F577-4076-A3C3-08D9C52ED64A}"
EndProject
Project("{FAE04EC0-301F-11D3-BF4B-00C04F79EFBC}") = "Tyuiu.ShabukovDV.Sprint0.Task5.V0", "Tyuiu.ShabukovDV.Sprint0.Task5.V0\Tyuiu.ShabukovDV.Sprint0.Task5.V0.csproj", "{F8DF39B0-9546-4AEE-9B69-3C0362BB65F9}"
EndProject
Project("{FAE04EC0-301F-11D3-BF4B-00C04F79EFBC}") = "Tyuiu.ShabukovDV.Sprint0.Task5.V0.Lib", "Tyuiu.ShabukovDV.Sprint0.Task5.V0.Lib\Tyuiu.ShabukovDV.Sprint0.Task5.V0.Lib.csproj", "{3003F94F-42C2-4A17-99AA-26C350B2D4C8}"
EndProject
Project("{FAE04EC0-301F-11D3-BF4B-00C04F79EFBC}") = "Tyuiu.ShabukovDV.Sprint0.Task5.V0.Test", "Tyuiu.ShabukovDV.Sprint0.Task5.V0.Test\Tyuiu.ShabukovDV.Sprint0.Task5.V0.Test.csproj", "{C3CA769E-8730-4C4B-B04E-929E3F9844D9}"
EndProject
Project("{2150E333-8FDC-42A3-9474-1A3956D46DE8}") = "Task6", "Task6", "{5002A232-64D7-44F1-AE34-CFD29DAB88A8}"
EndProject
Project("{FAE04EC0-301F-11D3-BF4B-00C04F79EFBC}") = "Tyuiu.ShabukovDV.Sprint0.Task6.V0", "Tyuiu.ShabukovDV.Sprint0.Task6.V0\Tyuiu.ShabukovDV.Sprint0.Task6.V0.csproj", "{B0348B3C-B8F3-4091-B2A9-5E4BB368DEC0}"
EndProject
Project("{FAE04EC0-301F-11D3-BF4B-00C04F79EFBC}") = "Tyuiu.ShabukovDV.Sprint0.Task6.V0.Lib", "Tyuiu.ShabukovDV.Sprint0.Task6.V0.Lib\Tyuiu.ShabukovDV.Sprint0.Task6.V0.Lib.csproj", "{749E7710-C506-4993-B04D-79359E0A9CF6}"
EndProject
Project("{FAE04EC0-301F-11D3-BF4B-00C04F79EFBC}") = "Tyuiu.ShabukovDV.Sprint0.Task6.V0.Test", "Tyuiu.ShabukovDV.Sprint0.Task6.V0.Test\Tyuiu.ShabukovDV.Sprint0.Task6.V0.Test.csproj", "{D4ADADD3-A37E-4402-BCA9-D3BCD009037E}"
EndProject
Project("{2150E333-8FDC-42A3-9474-1A3956D46DE8}") = "Task7", "Task7", "{E7BCA761-B635-435E-8B00-7CF7227E2766}"
EndProject
Project("{FAE04EC0-301F-11D3-BF4B-00C04F79EFBC}") = "Tyuiu.ShabukovDV.Sprint0.Task7.V0", "Tyuiu.ShabukovDV.Sprint0.Task7.V0\Tyuiu.ShabukovDV.Sprint0.Task7.V0.csproj", "{97055F2B-9202-4152-A91F-ED5BAB4E5C9D}"
EndProject
Project("{FAE04EC0-301F-11D3-BF4B-00C04F79EFBC}") = "Tyuiu.ShabukovDV.Sprint0.Task7.V0.Lib", "Tyuiu.ShabukovDV.Sprint0.Task7.V0.Lib\Tyuiu.ShabukovDV.Sprint0.Task7.V0.Lib.csproj", "{72BBBD71-57FE-440B-A749-E0C58D9B77DC}"
EndProject
Project("{FAE04EC0-301F-11D3-BF4B-00C04F79EFBC}") = "Tyuiu.ShabukovDV.Sprint0.Task7.V0.Test", "Tyuiu.ShabukovDV.Sprint0.Task7.V0.Test\Tyuiu.ShabukovDV.Sprint0.Task7.V0.Test.csproj", "{E57EDFDA-9C68-487C-93FE-553C6E4F2AE2}"
EndProject
Global
	GlobalSection(SolutionConfigurationPlatforms) = preSolution
		Debug|Any CPU = Debug|Any CPU
		Release|Any CPU = Release|Any CPU
	EndGlobalSection
	GlobalSection(ProjectConfigurationPlatforms) = postSolution
		{64C66A41-771A-4A75-B3BE-EEE631FDBB46}.Debug|Any CPU.ActiveCfg = Debug|Any CPU
		{64C66A41-771A-4A75-B3BE-EEE631FDBB46}.Debug|Any CPU.Build.0 = Debug|Any CPU
		{64C66A41-771A-4A75-B3BE-EEE631FDBB46}.Release|Any CPU.ActiveCfg = Release|Any CPU
		{64C66A41-771A-4A75-B3BE-EEE631FDBB46}.Release|Any CPU.Build.0 = Release|Any CPU
		{8DD45E3F-F77B-4DF0-BA7A-09EAB4C337AB}.Debug|Any CPU.ActiveCfg = Debug|Any CPU
		{8DD45E3F-F77B-4DF0-BA7A-09EAB4C337AB}.Debug|Any CPU.Build.0 = Debug|Any CPU
		{8DD45E3F-F77B-4DF0-BA7A-09EAB4C337AB}.Release|Any CPU.ActiveCfg = Release|Any CPU
		{8DD45E3F-F77B-4DF0-BA7A-09EAB4C337AB}.Release|Any CPU.Build.0 = Release|Any CPU
		{37AAD221-F939-4B38-9983-51B90C532111}.Debug|Any CPU.ActiveCfg = Debug|Any CPU
		{37AAD221-F939-4B38-9983-51B90C532111}.Debug|Any CPU.Build.0 = Debug|Any CPU
		{37AAD221-F939-4B38-9983-51B90C532111}.Release|Any CPU.ActiveCfg = Release|Any CPU
		{37AAD221-F939-4B38-9983-51B90C532111}.Release|Any CPU.Build.0 = Release|Any CPU
		{03843980-46A5-477B-B04E-9BA34A75AE2C}.Debug|Any CPU.ActiveCfg = Debug|Any CPU
		{03843980-46A5-477B-B04E-9BA34A75AE2C}.Debug|Any CPU.Build.0 = Debug|Any CPU
		{03843980-46A5-477B-B04E-9BA34A75AE2C}.Release|Any CPU.ActiveCfg = Release|Any CPU
		{03843980-46A5-477B-B04E-9BA34A75AE2C}.Release|Any CPU.Build.0 = Release|Any CPU
		{F010F219-57C2-4537-AA0F-141B15408684}.Debug|Any CPU.ActiveCfg = Debug|Any CPU
		{F010F219-57C2-4537-AA0F-141B15408684}.Debug|Any CPU.Build.0 = Debug|Any CPU
		{F010F219-57C2-4537-AA0F-141B15408684}.Release|Any CPU.ActiveCfg = Release|Any CPU
		{F010F219-57C2-4537-AA0F-141B15408684}.Release|Any CPU.Build.0 = Release|Any CPU
		{61B025F1-4A86-4D26-B7FC-25701FBB96BC}.Debug|Any CPU.ActiveCfg = Debug|Any CPU
		{61B025F1-4A86-4D26-B7FC-25701FBB96BC}.Debug|Any CPU.Build.0 = Debug|Any CPU
		{61B025F1-4A86-4D26-B7FC-25701FBB96BC}.Release|Any CPU.ActiveCfg = Release|Any CPU
		{61B025F1-4A86-4D26-B7FC-25701FBB96BC}.Release|Any CPU.Build.0 = Release|Any CPU
		{4AEB4FBB-D6A8-4010-8FA6-2118353BA72F}.Debug|Any CPU.ActiveCfg = Debug|Any CPU
		{4AEB4FBB-D6A8-4010-8FA6-2118353BA72F}.Debug|Any CPU.Build.0 = Debug|Any CPU
		{4AEB4FBB-D6A8-4010-8FA6-2118353BA72F}.Release|Any CPU.ActiveCfg = Release|Any CPU
		{4AEB4FBB-D6A8-4010-8FA6-2118353BA72F}.Release|Any CPU.Build.0 = Release|Any CPU
		{926418E8-35CB-427E-BF1E-2A04AC960CFC}.Debug|Any CPU.ActiveCfg = Debug|Any CPU
		{926418E8-35CB-427E-BF1E-2A04AC960CFC}.Debug|Any CPU.Build.0 = Debug|Any CPU
		{926418E8-35CB-427E-BF1E-2A04AC960CFC}.Release|Any CPU.ActiveCfg = Release|Any CPU
		{926418E8-35CB-427E-BF1E-2A04AC960CFC}.Release|Any CPU.Build.0 = Release|Any CPU
		{D2D3746D-0C39-4FE3-B266-241B17090458}.Debug|Any CPU.ActiveCfg = Debug|Any CPU
		{D2D3746D-0C39-4FE3-B266-241B17090458}.Debug|Any CPU.Build.0 = Debug|Any CPU
		{D2D3746D-0C39-4FE3-B266-241B17090458}.Release|Any CPU.ActiveCfg = Release|Any CPU
		{D2D3746D-0C39-4FE3-B266-241B17090458}.Release|Any CPU.Build.0 = Release|Any CPU
		{F1183878-99C0-4DEF-B79D-B7D3DE56C952}.Debug|Any CPU.ActiveCfg = Debug|Any CPU
		{F1183878-99C0-4DEF-B79D-B7D3DE56C952}.Debug|Any CPU.Build.0 = Debug|Any CPU
		{F1183878-99C0-4DEF-B79D-B7D3DE56C952}.Release|Any CPU.ActiveCfg = Release|Any CPU
		{F1183878-99C0-4DEF-B79D-B7D3DE56C952}.Release|Any CPU.Build.0 = Release|Any CPU
		{0728F996-81F7-413F-A8BA-97EF03B4670B}.Debug|Any CPU.ActiveCfg = Debug|Any CPU
		{0728F996-81F7-413F-A8BA-97EF03B4670B}.Debug|Any CPU.Build.0 = Debug|Any CPU
		{0728F996-81F7-413F-A8BA-97EF03B4670B}.Release|Any CPU.ActiveCfg = Release|Any CPU
		{0728F996-81F7-413F-A8BA-97EF03B4670B}.Release|Any CPU.Build.0 = Release|Any CPU
		{F8DF39B0-9546-4AEE-9B69-3C0362BB65F9}.Debug|Any CPU.ActiveCfg = Debug|Any CPU
		{F8DF39B0-9546-4AEE-9B69-3C0362BB65F9}.Debug|Any CPU.Build.0 = Debug|Any CPU
		{F8DF39B0-9546-4AEE-9B69-3C0362BB65F9}.Release|Any CPU.ActiveCfg = Release|Any CPU
		{F8DF39B0-9546-4AEE-9B69-3C0362BB65F9}.Release|Any CPU.Build.0 = Release|Any CPU
		{3003F94F-42C2-4A17-99AA-26C350B2D4C8}.Debug|Any CPU.ActiveCfg = Debug|Any CPU
		{3003F94F-42C2-4A17-99AA-26C350B2D4C8}.Debug|Any CPU.Build.0 = Debug|Any CPU
		{3003F94F-42C2-4A17-99AA-26C350B2D4C8}.Release|Any CPU.ActiveCfg = Release|Any CPU
		{3003F94F-42C2-4A17-99AA-26C350B2D4C8}.Release|Any CPU.Build.0 = Release|Any CPU
		{C3CA769E-8730-4C4B-B04E-929E3F9844D9}.Debug|Any CPU.ActiveCfg = Debug|Any CPU
		{C3CA769E-8730-4C4B-B04E-929E3F9844D9}.Debug|Any CPU.Build.0 = Debug|Any CPU
		{C3CA769E-8730-4C4B-B04E-929E3F9844D9}.Release|Any CPU.ActiveCfg = Release|Any CPU
		{C3CA769E-8730-4C4B-B04E-929E3F9844D9}.Release|Any CPU.Build.0 = Release|Any CPU
		{B0348B3C-B8F3-4091-B2A9-5E4BB368DEC0}.Debug|Any CPU.ActiveCfg = Debug|Any CPU
		{B0348B3C-B8F3-4091-B2A9-5E4BB368DEC0}.Debug|Any CPU.Build.0 = Debug|Any CPU
		{B0348B3C-B8F3-4091-B2A9-5E4BB368DEC0}.Release|Any CPU.ActiveCfg = Release|Any CPU
		{B0348B3C-B8F3-4091-B2A9-5E4BB368DEC0}.Release|Any CPU.Build.0 = Release|Any CPU
		{749E7710-C506-4993-B04D-79359E0A9CF6}.Debug|Any CPU.ActiveCfg = Debug|Any CPU
		{749E7710-C506-4993-B04D-79359E0A9CF6}.Debug|Any CPU.Build.0 = Debug|Any CPU
		{749E7710-C506-4993-B04D-79359E0A9CF6}.Release|Any CPU.ActiveCfg = Release|Any CPU
		{749E7710-C506-4993-B04D-79359E0A9CF6}.Release|Any CPU.Build.0 = Release|Any CPU
		{D4ADADD3-A37E-4402-BCA9-D3BCD009037E}.Debug|Any CPU.ActiveCfg = Debug|Any CPU
		{D4ADADD3-A37E-4402-BCA9-D3BCD009037E}.Debug|Any CPU.Build.0 = Debug|Any CPU
		{D4ADADD3-A37E-4402-BCA9-D3BCD009037E}.Release|Any CPU.ActiveCfg = Release|Any CPU
		{D4ADADD3-A37E-4402-BCA9-D3BCD009037E}.Release|Any CPU.Build.0 = Release|Any CPU
		{97055F2B-9202-4152-A91F-ED5BAB4E5C9D}.Debug|Any CPU.ActiveCfg = Debug|Any CPU
		{97055F2B-9202-4152-A91F-ED5BAB4E5C9D}.Debug|Any CPU.Build.0 = Debug|Any CPU
		{97055F2B-9202-4152-A91F-ED5BAB4E5C9D}.Release|Any CPU.ActiveCfg = Release|Any CPU
		{97055F2B-9202-4152-A91F-ED5BAB4E5C9D}.Release|Any CPU.Build.0 = Release|Any CPU
		{72BBBD71-57FE-440B-A749-E0C58D9B77DC}.Debug|Any CPU.ActiveCfg = Debug|Any CPU
		{72BBBD71-57FE-440B-A749-E0C58D9B77DC}.Debug|Any CPU.Build.0 = Debug|Any CPU
		{72BBBD71-57FE-440B-A749-E0C58D9B77DC}.Release|Any CPU.ActiveCfg = Release|Any CPU
		{72BBBD71-57FE-440B-A749-E0C58D9B77DC}.Release|Any CPU.Build.0 = Release|Any CPU
		{E57EDFDA-9C68-487C-93FE-553C6E4F2AE2}.Debug|Any CPU.ActiveCfg = Debug|Any CPU
		{E57EDFDA-9C68-487C-93FE-553C6E4F2AE2}.Debug|Any CPU.Build.0 = Debug|Any CPU
		{E57EDFDA-9C68-487C-93FE-553C6E4F2AE2}.Release|Any CPU.ActiveCfg = Release|Any CPU
		{E57EDFDA-9C68-487C-93FE-553C6E4F2AE2}.Release|Any CPU.Build.0 = Release|Any CPU
	EndGlobalSection
	GlobalSection(SolutionProperties) = preSolution
		HideSolutionNode = FALSE
	EndGlobalSection
	GlobalSection(NestedProjects) = preSolution
		{64C66A41-771A-4A75-B3BE-EEE631FDBB46} = {B768BE1B-80E1-404B-A0C3-B804002CA197}
		{8DD45E3F-F77B-4DF0-BA7A-09EAB4C337AB} = {E83ED27E-C017-493D-83FA-0DEF451EFA2A}
		{37AAD221-F939-4B38-9983-51B90C532111} = {850E3A2D-AFB5-44A7-AAF3-F84341D47885}
		{03843980-46A5-477B-B04E-9BA34A75AE2C} = {850E3A2D-AFB5-44A7-AAF3-F84341D47885}
		{F010F219-57C2-4537-AA0F-141B15408684} = {850E3A2D-AFB5-44A7-AAF3-F84341D47885}
		{61B025F1-4A86-4D26-B7FC-25701FBB96BC} = {7841F50E-3B9C-4BDB-A228-DE45A396865E}
		{4AEB4FBB-D6A8-4010-8FA6-2118353BA72F} = {7841F50E-3B9C-4BDB-A228-DE45A396865E}
		{926418E8-35CB-427E-BF1E-2A04AC960CFC} = {7841F50E-3B9C-4BDB-A228-DE45A396865E}
		{D2D3746D-0C39-4FE3-B266-241B17090458} = {2009F01A-F9DF-477B-9BEB-BD55E1E1C18D}
		{F1183878-99C0-4DEF-B79D-B7D3DE56C952} = {2009F01A-F9DF-477B-9BEB-BD55E1E1C18D}
		{0728F996-81F7-413F-A8BA-97EF03B4670B} = {2009F01A-F9DF-477B-9BEB-BD55E1E1C18D}
		{F8DF39B0-9546-4AEE-9B69-3C0362BB65F9} = {2C506A57-F577-4076-A3C3-08D9C52ED64A}
		{3003F94F-42C2-4A17-99AA-26C350B2D4C8} = {2C506A57-F577-4076-A3C3-08D9C52ED64A}
		{C3CA769E-8730-4C4B-B04E-929E3F9844D9} = {2C506A57-F577-4076-A3C3-08D9C52ED64A}
		{B0348B3C-B8F3-4091-B2A9-5E4BB368DEC0} = {5002A232-64D7-44F1-AE34-CFD29DAB88A8}
		{749E7710-C506-4993-B04D-79359E0A9CF6} = {5002A232-64D7-44F1-AE34-CFD29DAB88A8}
		{D4ADADD3-A37E-4402-BCA9-D3BCD009037E} = {5002A232-64D7-44F1-AE34-CFD29DAB88A8}
		{97055F2B-9202-4152-A91F-ED5BAB4E5C9D} = {E7BCA761-B635-435E-8B00-7CF7227E2766}
		{72BBBD71-57FE-440B-A749-E0C58D9B77DC} = {E7BCA761-B635-435E-8B00-7CF7227E2766}
		{E57EDFDA-9C68-487C-93FE-553C6E4F2AE2} = {E7BCA761-B635-435E-8B00-7CF7227E2766}
	EndGlobalSection
	GlobalSection(ExtensibilityGlobals) = postSolution
		SolutionGuid = {F48B7BEB-9DA5-4B33-ABF2-E2CAA8723B80}
	EndGlobalSection
EndGlobal
